
Microsoft Visual Studio Solution File, Format Version 12.00
# Visual Studio Version 16
VisualStudioVersion = 16.0.31019.35
MinimumVisualStudioVersion = 10.0.40219.1
Project("{FAE04EC0-301F-11D3-BF4B-00C04F79EFBC}") = "TiendasServicios.Api.Autor", "TiendasServicios.Api.Autor\TiendasServicios.Api.Autor.csproj", "{F9C6E16A-0DDF-4657-A4AE-79A2A6A077D7}"
EndProject
Global
	GlobalSection(SolutionConfigurationPlatforms) = preSolution
		Debug|Any CPU = Debug|Any CPU
		Release|Any CPU = Release|Any CPU
	EndGlobalSection
	GlobalSection(ProjectConfigurationPlatforms) = postSolution
		{F9C6E16A-0DDF-4657-A4AE-79A2A6A077D7}.Debug|Any CPU.ActiveCfg = Debug|Any CPU
		{F9C6E16A-0DDF-4657-A4AE-79A2A6A077D7}.Debug|Any CPU.Build.0 = Debug|Any CPU
		{F9C6E16A-0DDF-4657-A4AE-79A2A6A077D7}.Release|Any CPU.ActiveCfg = Release|Any CPU
		{F9C6E16A-0DDF-4657-A4AE-79A2A6A077D7}.Release|Any CPU.Build.0 = Release|Any CPU
	EndGlobalSection
	GlobalSection(SolutionProperties) = preSolution
		HideSolutionNode = FALSE
	EndGlobalSection
	GlobalSection(ExtensibilityGlobals) = postSolution
		SolutionGuid = {B4C29718-2690-488C-8FB3-033647D104EC}
	EndGlobalSection
EndGlobal
